
Microsoft Visual Studio Solution File, Format Version 12.00
# Visual Studio Version 17
VisualStudioVersion = 17.12.35527.113 d17.12
MinimumVisualStudioVersion = 10.0.40219.1
Project("{FAE04EC0-301F-11D3-BF4B-00C04F79EFBC}") = "IwMetricsWorks.Api", "IwMetricsWorks.Api\IwMetricsWorks.Api.csproj", "{5A772771-A63D-4356-9E25-373C88492F1E}"
EndProject
Project("{FAE04EC0-301F-11D3-BF4B-00C04F79EFBC}") = "IwMetrics.Domain", "IwMetrics.Domain\IwMetrics.Domain.csproj", "{9AF25172-6FF3-4F6C-9D8B-F12EEB350BF6}"
EndProject
Project("{FAE04EC0-301F-11D3-BF4B-00C04F79EFBC}") = "IwMetrics.Application", "IwMetrics.Application\IwMetrics.Application.csproj", "{531F8CF3-8689-4634-9874-F5F03A10F979}"
EndProject
Project("{FAE04EC0-301F-11D3-BF4B-00C04F79EFBC}") = "IwMetrics.DAL", "IwMetrics.DAL\IwMetrics.DAL.csproj", "{8ABAA868-30E8-4F90-AEF2-D81E9FE5BE9B}"
EndProject
Global
	GlobalSection(SolutionConfigurationPlatforms) = preSolution
		Debug|Any CPU = Debug|Any CPU
		Release|Any CPU = Release|Any CPU
	EndGlobalSection
	GlobalSection(ProjectConfigurationPlatforms) = postSolution
		{5A772771-A63D-4356-9E25-373C88492F1E}.Debug|Any CPU.ActiveCfg = Debug|Any CPU
		{5A772771-A63D-4356-9E25-373C88492F1E}.Debug|Any CPU.Build.0 = Debug|Any CPU
		{5A772771-A63D-4356-9E25-373C88492F1E}.Release|Any CPU.ActiveCfg = Release|Any CPU
		{5A772771-A63D-4356-9E25-373C88492F1E}.Release|Any CPU.Build.0 = Release|Any CPU
		{9AF25172-6FF3-4F6C-9D8B-F12EEB350BF6}.Debug|Any CPU.ActiveCfg = Debug|Any CPU
		{9AF25172-6FF3-4F6C-9D8B-F12EEB350BF6}.Debug|Any CPU.Build.0 = Debug|Any CPU
		{9AF25172-6FF3-4F6C-9D8B-F12EEB350BF6}.Release|Any CPU.ActiveCfg = Release|Any CPU
		{9AF25172-6FF3-4F6C-9D8B-F12EEB350BF6}.Release|Any CPU.Build.0 = Release|Any CPU
		{531F8CF3-8689-4634-9874-F5F03A10F979}.Debug|Any CPU.ActiveCfg = Debug|Any CPU
		{531F8CF3-8689-4634-9874-F5F03A10F979}.Debug|Any CPU.Build.0 = Debug|Any CPU
		{531F8CF3-8689-4634-9874-F5F03A10F979}.Release|Any CPU.ActiveCfg = Release|Any CPU
		{531F8CF3-8689-4634-9874-F5F03A10F979}.Release|Any CPU.Build.0 = Release|Any CPU
		{8ABAA868-30E8-4F90-AEF2-D81E9FE5BE9B}.Debug|Any CPU.ActiveCfg = Debug|Any CPU
		{8ABAA868-30E8-4F90-AEF2-D81E9FE5BE9B}.Debug|Any CPU.Build.0 = Debug|Any CPU
		{8ABAA868-30E8-4F90-AEF2-D81E9FE5BE9B}.Release|Any CPU.ActiveCfg = Release|Any CPU
		{8ABAA868-30E8-4F90-AEF2-D81E9FE5BE9B}.Release|Any CPU.Build.0 = Release|Any CPU
	EndGlobalSection
	GlobalSection(SolutionProperties) = preSolution
		HideSolutionNode = FALSE
	EndGlobalSection
EndGlobal
